
Microsoft Visual Studio Solution File, Format Version 12.00
# Visual Studio Version 17
VisualStudioVersion = 17.8.34511.84
MinimumVisualStudioVersion = 10.0.40219.1
Project("{FAE04EC0-301F-11D3-BF4B-00C04F79EFBC}") = "MVPPatternDEMO", "MVPPatternDEMO\MVPPatternDEMO.csproj", "{EE572633-CFF5-49F6-A686-F6B47D5DA443}"
EndProject
Project("{FAE04EC0-301F-11D3-BF4B-00C04F79EFBC}") = "DemoMVP.Tests", "DemoMVP.Tests\DemoMVP.Tests.csproj", "{78B12095-35A3-499A-BBAC-EBE9302862DC}"
EndProject
Global
	GlobalSection(SolutionConfigurationPlatforms) = preSolution
		Debug|Any CPU = Debug|Any CPU
		Release|Any CPU = Release|Any CPU
	EndGlobalSection
	GlobalSection(ProjectConfigurationPlatforms) = postSolution
		{EE572633-CFF5-49F6-A686-F6B47D5DA443}.Debug|Any CPU.ActiveCfg = Debug|Any CPU
		{EE572633-CFF5-49F6-A686-F6B47D5DA443}.Debug|Any CPU.Build.0 = Debug|Any CPU
		{EE572633-CFF5-49F6-A686-F6B47D5DA443}.Release|Any CPU.ActiveCfg = Release|Any CPU
		{EE572633-CFF5-49F6-A686-F6B47D5DA443}.Release|Any CPU.Build.0 = Release|Any CPU
		{78B12095-35A3-499A-BBAC-EBE9302862DC}.Debug|Any CPU.ActiveCfg = Debug|Any CPU
		{78B12095-35A3-499A-BBAC-EBE9302862DC}.Debug|Any CPU.Build.0 = Debug|Any CPU
		{78B12095-35A3-499A-BBAC-EBE9302862DC}.Release|Any CPU.ActiveCfg = Release|Any CPU
		{78B12095-35A3-499A-BBAC-EBE9302862DC}.Release|Any CPU.Build.0 = Release|Any CPU
	EndGlobalSection
	GlobalSection(SolutionProperties) = preSolution
		HideSolutionNode = FALSE
	EndGlobalSection
	GlobalSection(ExtensibilityGlobals) = postSolution
		SolutionGuid = {5C60534F-E107-4B93-B1CC-79B526A73264}
	EndGlobalSection
EndGlobal
